
Microsoft Visual Studio Solution File, Format Version 12.00
# Visual Studio Version 16
VisualStudioVersion = 16.0.30503.244
MinimumVisualStudioVersion = 10.0.40219.1
Project("{FAE04EC0-301F-11D3-BF4B-00C04F79EFBC}") = "MUNICIPALIDAD_V4", "MUNICIPALIDAD_V4.csproj", "{9A7E1D15-DEE1-47CA-9A7A-E49D144D0483}"
EndProject
Global
	GlobalSection(SolutionConfigurationPlatforms) = preSolution
		Debug|Any CPU = Debug|Any CPU
		Release|Any CPU = Release|Any CPU
	EndGlobalSection
	GlobalSection(ProjectConfigurationPlatforms) = postSolution
		{9A7E1D15-DEE1-47CA-9A7A-E49D144D0483}.Debug|Any CPU.ActiveCfg = Debug|Any CPU
		{9A7E1D15-DEE1-47CA-9A7A-E49D144D0483}.Debug|Any CPU.Build.0 = Debug|Any CPU
		{9A7E1D15-DEE1-47CA-9A7A-E49D144D0483}.Release|Any CPU.ActiveCfg = Release|Any CPU
		{9A7E1D15-DEE1-47CA-9A7A-E49D144D0483}.Release|Any CPU.Build.0 = Release|Any CPU
	EndGlobalSection
	GlobalSection(SolutionProperties) = preSolution
		HideSolutionNode = FALSE
	EndGlobalSection
	GlobalSection(ExtensibilityGlobals) = postSolution
		SolutionGuid = {F42E0B1D-8799-4DED-AE9F-BDFCC4E1959E}
	EndGlobalSection
EndGlobal
